<?xml version="1.0" encoding="UTF-8" standalone="yes" ?>
<CodeBlocks_project_file>
	<FileVersion major="1" minor="6" />
	<Project>
		<Option title="space_mess_SDL" />
		<Option pch_mode="2" />
		<Option compiler="gcc" />
		<Build>
			<Target title="Debug">
				<Option output="bin\Debug\space_mess_SDL" prefix_auto="1" extension_auto="1" />
				<Option object_output="obj\Debug\" />
				<Option type="1" />
				<Option compiler="gcc" />
				<Compiler>
					<Add option="-g" />
				</Compiler>
			</Target>
		</Build>
		<Compiler>
			<Add option="-Wall" />
		</Compiler>
		<Unit filename="README" />
		<Unit filename="lib\DisplayConfig.h" />
		<Unit filename="lib\Draw.h" />
		<Unit filename="lib\EventHandler.cpp" />
		<Unit filename="lib\EventHandler.h" />
		<Unit filename="lib\Player.h" />
		<Unit filename="lib\menuInterface.h" />
		<Unit filename="lib\render.cpp" />
		<Unit filename="lib\render.h" />
		<Unit filename="lib\videoutil.h" />
		<Unit filename="main.cpp" />
		<Unit filename="utils\Window.cpp" />
		<Unit filename="utils\Window.h" />
		<Extensions>
			<code_completion />
			<debugger />
		</Extensions>
	</Project>
</CodeBlocks_project_file>
